
Microsoft Visual Studio Solution File, Format Version 12.00
# Visual Studio 15
Project("{FAE04EC0-301F-11D3-BF4B-00C04F79EFBC}") = "Assembly-CSharp", "Assembly-CSharp.csproj", "{3B239A0D-5BBA-5BC3-729D-E4EC4D3A9F65}"
EndProject
Project("{FAE04EC0-301F-11D3-BF4B-00C04F79EFBC}") = "Assembly-CSharp-Editor", "Assembly-CSharp-Editor.csproj", "{DF11E10E-8D05-32A0-235B-28F279673A16}"
EndProject
Global
	GlobalSection(SolutionConfigurationPlatforms) = preSolution
		Debug|Any CPU = Debug|Any CPU
		Release|Any CPU = Release|Any CPU
	EndGlobalSection
	GlobalSection(ProjectConfigurationPlatforms) = postSolution
		{3B239A0D-5BBA-5BC3-729D-E4EC4D3A9F65}.Debug|Any CPU.ActiveCfg = Debug|Any CPU
		{3B239A0D-5BBA-5BC3-729D-E4EC4D3A9F65}.Debug|Any CPU.Build.0 = Debug|Any CPU
		{3B239A0D-5BBA-5BC3-729D-E4EC4D3A9F65}.Release|Any CPU.ActiveCfg = Release|Any CPU
		{3B239A0D-5BBA-5BC3-729D-E4EC4D3A9F65}.Release|Any CPU.Build.0 = Release|Any CPU
		{DF11E10E-8D05-32A0-235B-28F279673A16}.Debug|Any CPU.ActiveCfg = Debug|Any CPU
		{DF11E10E-8D05-32A0-235B-28F279673A16}.Debug|Any CPU.Build.0 = Debug|Any CPU
		{DF11E10E-8D05-32A0-235B-28F279673A16}.Release|Any CPU.ActiveCfg = Release|Any CPU
		{DF11E10E-8D05-32A0-235B-28F279673A16}.Release|Any CPU.Build.0 = Release|Any CPU
	EndGlobalSection
	GlobalSection(SolutionProperties) = preSolution
		HideSolutionNode = FALSE
	EndGlobalSection
EndGlobal
